
Microsoft Visual Studio Solution File, Format Version 9.00
# Visual Studio 2005
# Clarion 2.1.0.2447
Project("") = "wsServicos", "wsServicos.aspxproj", "{16CD1A60-2ADD-40F1-8924-0F1BD8C2E0D6}"
EndProject
Global
	GlobalSection(SolutionConfigurationPlatforms) = preSolution
		Debug|Any CPU = Debug|Any CPU
		Release|Any CPU = Release|Any CPU
	EndGlobalSection
	GlobalSection(ProjectConfigurationPlatforms) = postSolution
		{16CD1A60-2ADD-40F1-8924-0F1BD8C2E0D6}.Debug|Any CPU.Build.0 = Release|Any CPU
		{16CD1A60-2ADD-40F1-8924-0F1BD8C2E0D6}.Debug|Any CPU.ActiveCfg = Release|Any CPU
		{16CD1A60-2ADD-40F1-8924-0F1BD8C2E0D6}.Release|Any CPU.Build.0 = Release|Any CPU
		{16CD1A60-2ADD-40F1-8924-0F1BD8C2E0D6}.Release|Any CPU.ActiveCfg = Release|Any CPU
	EndGlobalSection
EndGlobal
