
Microsoft Visual Studio Solution File, Format Version 9.00
# Visual Studio 2005
# Clarion 2.1.0.2447
Project("") = "ServidorWS", "ServidorWS.aspxproj", "{1DD963D0-33DA-4188-8B8A-11087E137DB9}"
EndProject
Global
	GlobalSection(SolutionConfigurationPlatforms) = preSolution
		Debug|Any CPU = Debug|Any CPU
	EndGlobalSection
	GlobalSection(ProjectConfigurationPlatforms) = postSolution
		{1DD963D0-33DA-4188-8B8A-11087E137DB9}.Debug|Any CPU.Build.0 = Debug|Any CPU
		{1DD963D0-33DA-4188-8B8A-11087E137DB9}.Debug|Any CPU.ActiveCfg = Debug|Any CPU
	EndGlobalSection
EndGlobal
